
Microsoft Visual Studio Solution File, Format Version 12.00
# Visual Studio Version 17
VisualStudioVersion = 17.9.34616.47
MinimumVisualStudioVersion = 10.0.40219.1
Project("{FAE04EC0-301F-11D3-BF4B-00C04F79EFBC}") = "proyectoFinal", "proyectoFinal.csproj", "{BFB7307F-4B2A-46F6-9DC9-CD662E17737B}"
EndProject
Global
	GlobalSection(SolutionConfigurationPlatforms) = preSolution
		Debug|Any CPU = Debug|Any CPU
		Release|Any CPU = Release|Any CPU
	EndGlobalSection
	GlobalSection(ProjectConfigurationPlatforms) = postSolution
		{BFB7307F-4B2A-46F6-9DC9-CD662E17737B}.Debug|Any CPU.ActiveCfg = Debug|Any CPU
		{BFB7307F-4B2A-46F6-9DC9-CD662E17737B}.Debug|Any CPU.Build.0 = Debug|Any CPU
		{BFB7307F-4B2A-46F6-9DC9-CD662E17737B}.Release|Any CPU.ActiveCfg = Release|Any CPU
		{BFB7307F-4B2A-46F6-9DC9-CD662E17737B}.Release|Any CPU.Build.0 = Release|Any CPU
	EndGlobalSection
	GlobalSection(SolutionProperties) = preSolution
		HideSolutionNode = FALSE
	EndGlobalSection
	GlobalSection(ExtensibilityGlobals) = postSolution
		SolutionGuid = {6F80421E-A937-4048-8173-D0193669A53D}
	EndGlobalSection
EndGlobal
